
Microsoft Visual Studio Solution File, Format Version 12.00
# Visual Studio Version 17
VisualStudioVersion = 17.0.32014.148
MinimumVisualStudioVersion = 10.0.40219.1
Project("{8BC9CEB8-8B4A-11D0-8D11-00A0C91BC942}") = "Game_Sokoban", "Game_Sokoban\Game_Sokoban.vcxproj", "{57A3F41D-7A1F-4392-A516-62C7689A9FFA}"
EndProject
Global
	GlobalSection(SolutionConfigurationPlatforms) = preSolution
		Debug|x64 = Debug|x64
		Debug|x86 = Debug|x86
		Release|x64 = Release|x64
		Release|x86 = Release|x86
	EndGlobalSection
	GlobalSection(ProjectConfigurationPlatforms) = postSolution
		{57A3F41D-7A1F-4392-A516-62C7689A9FFA}.Debug|x64.ActiveCfg = Debug|x64
		{57A3F41D-7A1F-4392-A516-62C7689A9FFA}.Debug|x64.Build.0 = Debug|x64
		{57A3F41D-7A1F-4392-A516-62C7689A9FFA}.Debug|x86.ActiveCfg = Debug|Win32
		{57A3F41D-7A1F-4392-A516-62C7689A9FFA}.Debug|x86.Build.0 = Debug|Win32
		{57A3F41D-7A1F-4392-A516-62C7689A9FFA}.Release|x64.ActiveCfg = Release|x64
		{57A3F41D-7A1F-4392-A516-62C7689A9FFA}.Release|x64.Build.0 = Release|x64
		{57A3F41D-7A1F-4392-A516-62C7689A9FFA}.Release|x86.ActiveCfg = Release|Win32
		{57A3F41D-7A1F-4392-A516-62C7689A9FFA}.Release|x86.Build.0 = Release|Win32
	EndGlobalSection
	GlobalSection(SolutionProperties) = preSolution
		HideSolutionNode = FALSE
	EndGlobalSection
	GlobalSection(ExtensibilityGlobals) = postSolution
		SolutionGuid = {14FC0AB4-251F-4590-B51E-4DB1938543D1}
	EndGlobalSection
EndGlobal
