
Microsoft Visual Studio Solution File, Format Version 12.00
# Visual Studio Version 17
VisualStudioVersion = 17.0.32014.148
MinimumVisualStudioVersion = 10.0.40219.1
Project("{8BC9CEB8-8B4A-11D0-8D11-00A0C91BC942}") = "Control2", "Control2\Control2.vcxproj", "{40474CCE-8B0A-4240-A76E-7E9B946E23F4}"
EndProject
Global
	GlobalSection(SolutionConfigurationPlatforms) = preSolution
		Debug|x64 = Debug|x64
		Debug|x86 = Debug|x86
		Release|x64 = Release|x64
		Release|x86 = Release|x86
	EndGlobalSection
	GlobalSection(ProjectConfigurationPlatforms) = postSolution
		{40474CCE-8B0A-4240-A76E-7E9B946E23F4}.Debug|x64.ActiveCfg = Debug|x64
		{40474CCE-8B0A-4240-A76E-7E9B946E23F4}.Debug|x64.Build.0 = Debug|x64
		{40474CCE-8B0A-4240-A76E-7E9B946E23F4}.Debug|x86.ActiveCfg = Debug|Win32
		{40474CCE-8B0A-4240-A76E-7E9B946E23F4}.Debug|x86.Build.0 = Debug|Win32
		{40474CCE-8B0A-4240-A76E-7E9B946E23F4}.Release|x64.ActiveCfg = Release|x64
		{40474CCE-8B0A-4240-A76E-7E9B946E23F4}.Release|x64.Build.0 = Release|x64
		{40474CCE-8B0A-4240-A76E-7E9B946E23F4}.Release|x86.ActiveCfg = Release|Win32
		{40474CCE-8B0A-4240-A76E-7E9B946E23F4}.Release|x86.Build.0 = Release|Win32
	EndGlobalSection
	GlobalSection(SolutionProperties) = preSolution
		HideSolutionNode = FALSE
	EndGlobalSection
	GlobalSection(ExtensibilityGlobals) = postSolution
		SolutionGuid = {CE27F93B-D42F-4411-9E91-BCC40F261897}
	EndGlobalSection
EndGlobal
